
Microsoft Visual Studio Solution File, Format Version 12.00
# Visual Studio 15
VisualStudioVersion = 15.0.28307.539
MinimumVisualStudioVersion = 10.0.40219.1
Project("{FAE04EC0-301F-11D3-BF4B-00C04F79EFBC}") = "RelogioDigital", "RelogioDigital\RelogioDigital.csproj", "{D5459D21-3DAA-4C18-A83C-BDB003A11662}"
EndProject
Global
	GlobalSection(SolutionConfigurationPlatforms) = preSolution
		Debug|Any CPU = Debug|Any CPU
		Release|Any CPU = Release|Any CPU
	EndGlobalSection
	GlobalSection(ProjectConfigurationPlatforms) = postSolution
		{D5459D21-3DAA-4C18-A83C-BDB003A11662}.Debug|Any CPU.ActiveCfg = Debug|Any CPU
		{D5459D21-3DAA-4C18-A83C-BDB003A11662}.Debug|Any CPU.Build.0 = Debug|Any CPU
		{D5459D21-3DAA-4C18-A83C-BDB003A11662}.Release|Any CPU.ActiveCfg = Release|Any CPU
		{D5459D21-3DAA-4C18-A83C-BDB003A11662}.Release|Any CPU.Build.0 = Release|Any CPU
	EndGlobalSection
	GlobalSection(SolutionProperties) = preSolution
		HideSolutionNode = FALSE
	EndGlobalSection
	GlobalSection(ExtensibilityGlobals) = postSolution
		SolutionGuid = {350F66D7-A7A5-40F4-A143-F8A26A9CCB1C}
	EndGlobalSection
EndGlobal
